
Microsoft Visual Studio Solution File, Format Version 12.00
# Visual Studio 14
VisualStudioVersion = 14.0.25420.1
MinimumVisualStudioVersion = 10.0.40219.1
Project("{2150E333-8FDC-42A3-9474-1A3956D46DE8}") = "PublishScripts", "PublishScripts", "{4E63323A-7C4B-4678-B83A-4F73A5BECF56}"
EndProject
Project("{2150E333-8FDC-42A3-9474-1A3956D46DE8}") = "Scripts", "Scripts", "{9AE640FA-0B83-41A3-8A03-F599FA84C71B}"
	ProjectSection(SolutionItems) = preProject
		PublishScripts\Scripts\Deploy-AzureResourceGroup-2.ps1 = PublishScripts\Scripts\Deploy-AzureResourceGroup-2.ps1
		PublishScripts\Scripts\Deploy-AzureResourceGroup-3.ps1 = PublishScripts\Scripts\Deploy-AzureResourceGroup-3.ps1
		PublishScripts\Scripts\Deploy-AzureResourceGroup.ps1 = PublishScripts\Scripts\Deploy-AzureResourceGroup.ps1
	EndProjectSection
EndProject
Project("{2150E333-8FDC-42A3-9474-1A3956D46DE8}") = "Templates", "Templates", "{1DE9216C-D753-4F8F-891B-F43428550D90}"
	ProjectSection(SolutionItems) = preProject
		PublishScripts\Templates\automationdeliveries.json = PublishScripts\Templates\automationdeliveries.json
		PublishScripts\Templates\automationdeliveries.param.dev.json = PublishScripts\Templates\automationdeliveries.param.dev.json
		PublishScripts\Templates\automationdeliveriesclient.json = PublishScripts\Templates\automationdeliveriesclient.json
		PublishScripts\Templates\automationdeliveriesclient.param.dev.json = PublishScripts\Templates\automationdeliveriesclient.param.dev.json
		PublishScripts\Templates\automationdeliveriesmaster.json = PublishScripts\Templates\automationdeliveriesmaster.json
		PublishScripts\Templates\automationdeliveriesmaster.param.dev.json = PublishScripts\Templates\automationdeliveriesmaster.param.dev.json
	EndProjectSection
EndProject
Project("{FAE04EC0-301F-11D3-BF4B-00C04F79EFBC}") = "delivmaster", "delivmaster\delivmaster.csproj", "{10E53A5B-1CEF-45EB-8716-543982361B33}"
EndProject
Project("{FAE04EC0-301F-11D3-BF4B-00C04F79EFBC}") = "delivcli", "delivcli\delivcli.csproj", "{6523F4AE-A5F3-4E72-99D1-ECB8C8EA98A7}"
EndProject
Project("{FAE04EC0-301F-11D3-BF4B-00C04F79EFBC}") = "deliv", "deliv\deliv.csproj", "{FAB4D116-2281-4651-8FAF-AC3691357F71}"
EndProject
Project("{E24C65DC-7377-472B-9ABA-BC803B73C61A}") = "loglogin", "loglogin\", "{ABF809FC-E8FE-482C-BF12-F253FFB2ADF8}"
	ProjectSection(WebsiteProperties) = preProject
		TargetFrameworkMoniker = ".NETFramework,Version%3Dv4.5.2"
		ProjectReferences = ""
		Debug.AspNetCompiler.VirtualPath = "/localhost_54060"
		Debug.AspNetCompiler.PhysicalPath = "loglogin\"
		Debug.AspNetCompiler.TargetPath = "PrecompiledWeb\localhost_54060\"
		Debug.AspNetCompiler.Updateable = "true"
		Debug.AspNetCompiler.ForceOverwrite = "true"
		Debug.AspNetCompiler.FixedNames = "false"
		Debug.AspNetCompiler.Debug = "True"
		Release.AspNetCompiler.VirtualPath = "/localhost_54060"
		Release.AspNetCompiler.PhysicalPath = "loglogin\"
		Release.AspNetCompiler.TargetPath = "PrecompiledWeb\localhost_54060\"
		Release.AspNetCompiler.Updateable = "true"
		Release.AspNetCompiler.ForceOverwrite = "true"
		Release.AspNetCompiler.FixedNames = "false"
		Release.AspNetCompiler.Debug = "False"
		VWDPort = "54060"
		SlnRelativePath = "loglogin\"
		DefaultWebSiteLanguage = "Visual C#"
	EndProjectSection
EndProject
Project("{E24C65DC-7377-472B-9ABA-BC803B73C61A}") = "PainelDeControle", "PainelDeControle\", "{4134A332-A6DD-45A3-B3E4-1C58B04E6B3F}"
	ProjectSection(WebsiteProperties) = preProject
		TargetFrameworkMoniker = ".NETFramework,Version%3Dv4.5.2"
		Debug.AspNetCompiler.VirtualPath = "/localhost_52013"
		Debug.AspNetCompiler.PhysicalPath = "PainelDeControle\"
		Debug.AspNetCompiler.TargetPath = "PrecompiledWeb\localhost_52013\"
		Debug.AspNetCompiler.Updateable = "true"
		Debug.AspNetCompiler.ForceOverwrite = "true"
		Debug.AspNetCompiler.FixedNames = "false"
		Debug.AspNetCompiler.Debug = "True"
		Release.AspNetCompiler.VirtualPath = "/localhost_52013"
		Release.AspNetCompiler.PhysicalPath = "PainelDeControle\"
		Release.AspNetCompiler.TargetPath = "PrecompiledWeb\localhost_52013\"
		Release.AspNetCompiler.Updateable = "true"
		Release.AspNetCompiler.ForceOverwrite = "true"
		Release.AspNetCompiler.FixedNames = "false"
		Release.AspNetCompiler.Debug = "False"
		VWDPort = "52013"
		SlnRelativePath = "PainelDeControle\"
		DefaultWebSiteLanguage = "Visual C#"
	EndProjectSection
EndProject
Global
	GlobalSection(SolutionConfigurationPlatforms) = preSolution
		Debug|Any CPU = Debug|Any CPU
		Release|Any CPU = Release|Any CPU
	EndGlobalSection
	GlobalSection(ProjectConfigurationPlatforms) = postSolution
		{10E53A5B-1CEF-45EB-8716-543982361B33}.Debug|Any CPU.ActiveCfg = Debug|Any CPU
		{10E53A5B-1CEF-45EB-8716-543982361B33}.Debug|Any CPU.Build.0 = Debug|Any CPU
		{10E53A5B-1CEF-45EB-8716-543982361B33}.Release|Any CPU.ActiveCfg = Release|Any CPU
		{10E53A5B-1CEF-45EB-8716-543982361B33}.Release|Any CPU.Build.0 = Release|Any CPU
		{6523F4AE-A5F3-4E72-99D1-ECB8C8EA98A7}.Debug|Any CPU.ActiveCfg = Debug|Any CPU
		{6523F4AE-A5F3-4E72-99D1-ECB8C8EA98A7}.Debug|Any CPU.Build.0 = Debug|Any CPU
		{6523F4AE-A5F3-4E72-99D1-ECB8C8EA98A7}.Release|Any CPU.ActiveCfg = Release|Any CPU
		{6523F4AE-A5F3-4E72-99D1-ECB8C8EA98A7}.Release|Any CPU.Build.0 = Release|Any CPU
		{FAB4D116-2281-4651-8FAF-AC3691357F71}.Debug|Any CPU.ActiveCfg = Debug|Any CPU
		{FAB4D116-2281-4651-8FAF-AC3691357F71}.Debug|Any CPU.Build.0 = Debug|Any CPU
		{FAB4D116-2281-4651-8FAF-AC3691357F71}.Release|Any CPU.ActiveCfg = Release|Any CPU
		{FAB4D116-2281-4651-8FAF-AC3691357F71}.Release|Any CPU.Build.0 = Release|Any CPU
		{ABF809FC-E8FE-482C-BF12-F253FFB2ADF8}.Debug|Any CPU.ActiveCfg = Debug|Any CPU
		{ABF809FC-E8FE-482C-BF12-F253FFB2ADF8}.Debug|Any CPU.Build.0 = Debug|Any CPU
		{ABF809FC-E8FE-482C-BF12-F253FFB2ADF8}.Release|Any CPU.ActiveCfg = Debug|Any CPU
		{ABF809FC-E8FE-482C-BF12-F253FFB2ADF8}.Release|Any CPU.Build.0 = Debug|Any CPU
		{4134A332-A6DD-45A3-B3E4-1C58B04E6B3F}.Debug|Any CPU.ActiveCfg = Debug|Any CPU
		{4134A332-A6DD-45A3-B3E4-1C58B04E6B3F}.Debug|Any CPU.Build.0 = Debug|Any CPU
		{4134A332-A6DD-45A3-B3E4-1C58B04E6B3F}.Release|Any CPU.ActiveCfg = Debug|Any CPU
		{4134A332-A6DD-45A3-B3E4-1C58B04E6B3F}.Release|Any CPU.Build.0 = Debug|Any CPU
	EndGlobalSection
	GlobalSection(SolutionProperties) = preSolution
		HideSolutionNode = FALSE
	EndGlobalSection
	GlobalSection(NestedProjects) = preSolution
		{9AE640FA-0B83-41A3-8A03-F599FA84C71B} = {4E63323A-7C4B-4678-B83A-4F73A5BECF56}
		{1DE9216C-D753-4F8F-891B-F43428550D90} = {4E63323A-7C4B-4678-B83A-4F73A5BECF56}
	EndGlobalSection
EndGlobal
